
Microsoft Visual Studio Solution File, Format Version 12.00
# Visual Studio 15
VisualStudioVersion = 15.0.27130.2020
MinimumVisualStudioVersion = 10.0.40219.1
Project("{FAE04EC0-301F-11D3-BF4B-00C04F79EFBC}") = "ShoppingCart", "ShoppingCart\ShoppingCart.csproj", "{FE5231ED-1080-457B-A517-3619674EBE03}"
EndProject
Project("{FAE04EC0-301F-11D3-BF4B-00C04F79EFBC}") = "ShoppingCart.Data", "ShoppingCart.Data\ShoppingCart.Data.csproj", "{E4CF6BF8-2F13-448E-8BB7-421D700B6231}"
EndProject
Project("{FAE04EC0-301F-11D3-BF4B-00C04F79EFBC}") = "ShoppingCart.Data.Tests", "ShoppingCart.Data.Tests\ShoppingCart.Data.Tests.csproj", "{10BED894-FDF5-44D8-AE2C-5FDA4376C3A6}"
EndProject
Project("{FAE04EC0-301F-11D3-BF4B-00C04F79EFBC}") = "ShoppingCart.Tests", "ShoppingCart.Tests\ShoppingCart.Tests.csproj", "{36FB5F62-31C5-4446-8136-6D5B86F97AD3}"
EndProject
Project("{FAE04EC0-301F-11D3-BF4B-00C04F79EFBC}") = "ShoppingCart.Core", "ShoppingCart.Core\ShoppingCart.Core.csproj", "{6652340D-7D15-4318-9C06-159820F9F5ED}"
EndProject
Project("{FAE04EC0-301F-11D3-BF4B-00C04F79EFBC}") = "ShoppingCart.Core.Tests", "ShoppingCart.Core.Tests\ShoppingCart.Core.Tests.csproj", "{09DBB113-5B50-4E65-91A9-A422CD45F108}"
EndProject
Project("{FAE04EC0-301F-11D3-BF4B-00C04F79EFBC}") = "ShoppingCart.Api.Tests", "ShoppingCart.Api.Tests\ShoppingCart.Api.Tests.csproj", "{43FC8039-374E-44B5-97D6-17E845DD5DA0}"
EndProject
Project("{2150E333-8FDC-42A3-9474-1A3956D46DE8}") = "Tests", "Tests", "{919088E6-886A-46B2-90C3-A57C1FF3F6BF}"
EndProject
Project("{FAE04EC0-301F-11D3-BF4B-00C04F79EFBC}") = "ShoppingCart.Api", "ShoppingCart.Api\ShoppingCart.Api.csproj", "{4A6DACA8-8F51-4EA1-A7BD-A618C7C37702}"
EndProject
Global
	GlobalSection(SolutionConfigurationPlatforms) = preSolution
		Debug|Any CPU = Debug|Any CPU
		Release|Any CPU = Release|Any CPU
	EndGlobalSection
	GlobalSection(ProjectConfigurationPlatforms) = postSolution
		{FE5231ED-1080-457B-A517-3619674EBE03}.Debug|Any CPU.ActiveCfg = Debug|Any CPU
		{FE5231ED-1080-457B-A517-3619674EBE03}.Debug|Any CPU.Build.0 = Debug|Any CPU
		{FE5231ED-1080-457B-A517-3619674EBE03}.Release|Any CPU.ActiveCfg = Release|Any CPU
		{FE5231ED-1080-457B-A517-3619674EBE03}.Release|Any CPU.Build.0 = Release|Any CPU
		{E4CF6BF8-2F13-448E-8BB7-421D700B6231}.Debug|Any CPU.ActiveCfg = Debug|Any CPU
		{E4CF6BF8-2F13-448E-8BB7-421D700B6231}.Debug|Any CPU.Build.0 = Debug|Any CPU
		{E4CF6BF8-2F13-448E-8BB7-421D700B6231}.Release|Any CPU.ActiveCfg = Release|Any CPU
		{E4CF6BF8-2F13-448E-8BB7-421D700B6231}.Release|Any CPU.Build.0 = Release|Any CPU
		{10BED894-FDF5-44D8-AE2C-5FDA4376C3A6}.Debug|Any CPU.ActiveCfg = Debug|Any CPU
		{10BED894-FDF5-44D8-AE2C-5FDA4376C3A6}.Debug|Any CPU.Build.0 = Debug|Any CPU
		{10BED894-FDF5-44D8-AE2C-5FDA4376C3A6}.Release|Any CPU.ActiveCfg = Release|Any CPU
		{10BED894-FDF5-44D8-AE2C-5FDA4376C3A6}.Release|Any CPU.Build.0 = Release|Any CPU
		{36FB5F62-31C5-4446-8136-6D5B86F97AD3}.Debug|Any CPU.ActiveCfg = Debug|Any CPU
		{36FB5F62-31C5-4446-8136-6D5B86F97AD3}.Debug|Any CPU.Build.0 = Debug|Any CPU
		{36FB5F62-31C5-4446-8136-6D5B86F97AD3}.Release|Any CPU.ActiveCfg = Release|Any CPU
		{36FB5F62-31C5-4446-8136-6D5B86F97AD3}.Release|Any CPU.Build.0 = Release|Any CPU
		{6652340D-7D15-4318-9C06-159820F9F5ED}.Debug|Any CPU.ActiveCfg = Debug|Any CPU
		{6652340D-7D15-4318-9C06-159820F9F5ED}.Debug|Any CPU.Build.0 = Debug|Any CPU
		{6652340D-7D15-4318-9C06-159820F9F5ED}.Release|Any CPU.ActiveCfg = Release|Any CPU
		{6652340D-7D15-4318-9C06-159820F9F5ED}.Release|Any CPU.Build.0 = Release|Any CPU
		{09DBB113-5B50-4E65-91A9-A422CD45F108}.Debug|Any CPU.ActiveCfg = Debug|Any CPU
		{09DBB113-5B50-4E65-91A9-A422CD45F108}.Debug|Any CPU.Build.0 = Debug|Any CPU
		{09DBB113-5B50-4E65-91A9-A422CD45F108}.Release|Any CPU.ActiveCfg = Release|Any CPU
		{09DBB113-5B50-4E65-91A9-A422CD45F108}.Release|Any CPU.Build.0 = Release|Any CPU
		{43FC8039-374E-44B5-97D6-17E845DD5DA0}.Debug|Any CPU.ActiveCfg = Debug|Any CPU
		{43FC8039-374E-44B5-97D6-17E845DD5DA0}.Debug|Any CPU.Build.0 = Debug|Any CPU
		{43FC8039-374E-44B5-97D6-17E845DD5DA0}.Release|Any CPU.ActiveCfg = Release|Any CPU
		{43FC8039-374E-44B5-97D6-17E845DD5DA0}.Release|Any CPU.Build.0 = Release|Any CPU
		{4A6DACA8-8F51-4EA1-A7BD-A618C7C37702}.Debug|Any CPU.ActiveCfg = Debug|Any CPU
		{4A6DACA8-8F51-4EA1-A7BD-A618C7C37702}.Debug|Any CPU.Build.0 = Debug|Any CPU
		{4A6DACA8-8F51-4EA1-A7BD-A618C7C37702}.Release|Any CPU.ActiveCfg = Release|Any CPU
		{4A6DACA8-8F51-4EA1-A7BD-A618C7C37702}.Release|Any CPU.Build.0 = Release|Any CPU
	EndGlobalSection
	GlobalSection(SolutionProperties) = preSolution
		HideSolutionNode = FALSE
	EndGlobalSection
	GlobalSection(NestedProjects) = preSolution
		{10BED894-FDF5-44D8-AE2C-5FDA4376C3A6} = {919088E6-886A-46B2-90C3-A57C1FF3F6BF}
		{36FB5F62-31C5-4446-8136-6D5B86F97AD3} = {919088E6-886A-46B2-90C3-A57C1FF3F6BF}
		{09DBB113-5B50-4E65-91A9-A422CD45F108} = {919088E6-886A-46B2-90C3-A57C1FF3F6BF}
		{43FC8039-374E-44B5-97D6-17E845DD5DA0} = {919088E6-886A-46B2-90C3-A57C1FF3F6BF}
	EndGlobalSection
	GlobalSection(ExtensibilityGlobals) = postSolution
		SolutionGuid = {56ADDD52-A17E-4F5E-A52F-04634D8FD7B4}
	EndGlobalSection
EndGlobal
